{
    "_meta": {
        "hash": {
            "sha256": "49391e33511dc8f8ba9a8e73b7ed1fe89021a30b44afe719acbfa41ed641cdca"
        },
        "pipfile-spec": 6,
        "requires": {
            "python_version": "3.6"
        },
        "sources": [
            {
                "name": "pypi",
                "url": "https://pypi.org/simple",
                "verify_ssl": true
            }
        ]
    },
    "default": {
        "certifi": {
            "hashes": [
                "sha256:4c1d68a1408dd090d2f3a869aa94c3947cc1d967821d1ed303208c9f41f0f2f4",
                "sha256:b6e8b28b2b7e771a41ecdd12d4d43262ecab52adebbafa42c77d6b57fb6ad3a4"
            ],
            "index": "pypi",
            "version": "==2018.8.13"
        },
        "chardet": {
            "hashes": [
                "sha256:84ab92ed1c4d4f16916e05906b6b75a6c0fb5db821cc65e70cbd64a3e2a5eaae",
                "sha256:fc323ffcaeaed0e0a02bf4d117757b98aed530d9ed4531e3e15460124c106691"
            ],
            "index": "pypi",
            "version": "==3.0.4"
        },
        "defusedxml": {
            "hashes": [
                "sha256:24d7f2f94f7f3cb6061acb215685e5125fbcdc40a857eff9de22518820b0a4f4",
                "sha256:702a91ade2968a82beb0db1e0766a6a273f33d4616a6ce8cde475d8e09853b20"
            ],
            "index": "pypi",
            "version": "==0.5.0"
        },
        "dj-database-url": {
            "hashes": [
                "sha256:4aeaeb1f573c74835b0686a2b46b85990571159ffc21aa57ecd4d1e1cb334163",
                "sha256:851785365761ebe4994a921b433062309eb882fedd318e1b0fcecc607ed02da9"
            ],
            "index": "pypi",
            "version": "==0.5.0"
        },
        "django": {
            "hashes": [
                "sha256:662a1ff78792e3fd77f16f71b1f31149489434de4b62a74895bd5d6534e635a5",
                "sha256:687c37153486cf26c3fdcbdd177ef16de38dc3463f094b5f9c9955d91f277b14"
            ],
            "index": "pypi",
            "version": "==2.2.9"
        },
        "django-allauth": {
            "hashes": [
                "sha256:7d9646e3560279d6294ebb4c361fef829708d106da697658cf158bf2ca57b474"
            ],
            "index": "pypi",
            "version": "==0.36.0"
        },
        "django-filter": {
            "hashes": [
                "sha256:6f4e4bc1a11151178520567b50320e5c32f8edb552139d93ea3e30613b886f56",
                "sha256:86c3925020c27d072cdae7b828aaa5d165c2032a629abbe3c3a1be1edae61c58"
            ],
            "index": "pypi",
            "version": "==2.0.0"
        },
        "docopt": {
            "hashes": [
                "sha256:49b3a825280bd66b3aa83585ef59c4a8c82f2c8a522dbe754a8bc8d08c85c491"
            ],
            "index": "pypi",
            "version": "==0.6.2"
        },
        "gunicorn": {
            "hashes": [
                "sha256:aa8e0b40b4157b36a5df5e599f45c9c76d6af43845ba3b3b0efe2c70473c2471",
                "sha256:fa2662097c66f920f53f70621c6c58ca4a3c4d3434205e608e121b5b3b71f4f3"
            ],
            "index": "pypi",
            "version": "==19.9.0"
        },
        "idna": {
            "hashes": [
                "sha256:156a6814fb5ac1fc6850fb002e0852d56c0c8d2531923a51032d1b70760e186e",
                "sha256:684a38a6f903c1d71d6d5fac066b58d7768af4de2b832e426ec79c30daa94a16"
            ],
            "index": "pypi",
            "version": "==2.7"
        },
        "oauthlib": {
            "hashes": [
                "sha256:ac35665a61c1685c56336bda97d5eefa246f1202618a1d6f34fccb1bdd404162",
                "sha256:d883b36b21a6ad813953803edfa563b1b579d79ca758fe950d1bc9e8b326025b"
            ],
            "index": "pypi",
            "version": "==2.1.0"
        },
        "psycopg2": {
            "hashes": [
                "sha256:0147e990cef0332e239de711f165b2a5e6feb7c5f8583985d4a3dcac1680a782",
                "sha256:0c68fb507415ce022402244cffe740018c9506367fe2d6323f0b47e2544b6b36",
                "sha256:18c2294c2a0a0df6bb5adfbcae50922b0e75909df8642c9286bf6b867866d181",
                "sha256:26551d8873130b9558628c5f0288bd07b00c3f82f7dbfe0acf3cd7cd45746672",
                "sha256:2a9c4bc78922be9d34a11fc38b75bef122d44f465eaf5f2a44021f7cbda3dfd6",
                "sha256:304304e8efce4077621f9a14cb7e53cdacb4a14ec92f5628204bc4254d4840fb",
                "sha256:32184c60b445ac9eb4a0058d54f7a5dddae6928f94dfa3683157dc5e70321212",
                "sha256:34b7e41d1747b26df3baf5397949cc938261c547f3bce208ffc7826c3897d5ac",
                "sha256:38ff8f65deb947a7499f24ceb5b40db24540027fdf7d927f4d2aab35fbbdd6b0",
                "sha256:3a11a757e61e3eb5dfa334cf0ce86f9fa1919efadbb98af833eaf3bcb90d7e58",
                "sha256:3f64897312a08928e71343fedc2a3812a1c46f03025fe327e5d41e0a7be53ee9",
                "sha256:4004e84c2846badfa1e14ba3cf5b9d7471071c872c1dd6290013c89fa2cc63b1",
                "sha256:4cae3856e9b41a4861ad32fd8a4aabc7669a0b828776bb3ce0ca29333dabf40c",
                "sha256:6b26f9ec7a0c5ca1b3528918caeb3c73bfceaced3fdea59d045c886cc2c43344",
                "sha256:74ee532d6068a1456d5eda254513656c716cdee0a7389c91c094c7ce3500a9c9",
                "sha256:86c9355f5374b008c8479bc00023b295c07d508f7c3b91dbd2e74f8925b1d9c6",
                "sha256:8f57535a377c23a78d5a8bbe929ec6977adb3e137fa42500436c784c60141613",
                "sha256:905764e8d1557e536c9fac35d412a21ad87b558e794104437bf4012a83438ed2",
                "sha256:911af115bb526b3a5d2f50e05096afc05e3867f55f24532b4a70811e63deab57",
                "sha256:9c9fe11f87c44e83620b2273f40338e3c25fdbfd34986dddc77e840e0acd25bc",
                "sha256:9f9de8b5e1b0b648bf4535b721a58eaccf92f747cd8d94380171a36f18553601",
                "sha256:a14bd664f4db452612688e8031fdf74da489cb042d78d49f2bbfcfa97aae135d",
                "sha256:ad0e145952e2e91aa1d80c4b9bd8ba9059f39b3538da7b1133b2ed84eb132ed3",
                "sha256:b4f24faa25232073092d246fc6118c29130c8a5bcc8fd4239edeba20fb12b24a",
                "sha256:ba6f4786262b4999f9cca420827469c88a79e1f65dabf6bb8a300518f7e11472",
                "sha256:bf48be2d01f6e34e5fbd8976f7b66158a83a33b92739acd13fc1934c60b71cfb",
                "sha256:ccd55766033411206d700bcd11e064081f784f256c4d4f6883dca4c3bde21ae2",
                "sha256:d2e98ff1546c632c29f740a938ba6e29d327ef55f3e816dd43c1e4e7d8cd369a",
                "sha256:f04d56f664108af9571d278c0ed942ecef0dd3e072fe21ac8c7497a51bfcdfba",
                "sha256:f1f6d1b0ab40e8d43e294c7a1cc6fe6d47a88225583e581c15e8bfcff04b3863",
                "sha256:f4cc27830081147ebca6eb729329c64b7f8e92e415733aa26705dd9f03303038"
            ],
            "index": "pypi",
            "version": "==2.7.1"
        },
        "python-decouple": {
            "hashes": [
                "sha256:1317df14b43efee4337a4aa02914bf004f010cd56d6c4bd894e6474ec8c4fe2d"
            ],
            "index": "pypi",
            "version": "==3.1"
        },
        "python3-openid": {
            "hashes": [
                "sha256:0086da6b6ef3161cfe50fb1ee5cceaf2cda1700019fda03c2c5c440ca6abe4fa",
                "sha256:628d365d687e12da12d02c6691170f4451db28d6d68d050007e4a40065868502"
            ],
            "index": "pypi",
            "version": "==3.1.0"
        },
        "pytz": {
            "hashes": [
                "sha256:a061aa0a9e06881eb8b3b2b43f05b9439d6583c206d0a6c340ff72a7b6669053",
                "sha256:ffb9ef1de172603304d9d2819af6f5ece76f2e85ec10692a524dd876e72bf277"
            ],
            "index": "pypi",
            "version": "==2018.5"
        },
        "requests": {
            "hashes": [
                "sha256:99dcfdaaeb17caf6e526f32b6a7b780461512ab3f1d992187801694cba42770c",
                "sha256:a84b8c9ab6239b578f22d1c21d51b696dcfe004032bb80ea832398d6909d7279"
            ],
            "index": "pypi",
            "version": "==2.20.0"
        },
        "requests-oauthlib": {
            "hashes": [
                "sha256:8886bfec5ad7afb391ed5443b1f697c6f4ae98d0e5620839d8b4499c032ada3f",
                "sha256:e21232e2465808c0e892e0e4dbb8c2faafec16ac6dc067dd546e9b466f3deac8"
            ],
            "index": "pypi",
            "version": "==1.0.0"
        },
        "sqlparse": {
            "hashes": [
                "sha256:017cde379adbd6a1f15a61873f43e8274179378e95ef3fede90b5aa64d304ed0",
                "sha256:0f91fd2e829c44362cbcfab3e9ae12e22badaa8a29ad5ff599f9ec109f0454e8"
            ],
            "version": "==0.4.1"
        },
        "urllib3": {
            "hashes": [
                "sha256:a68ac5e15e76e7e5dd2b8f94007233e01effe3e50e8daddf69acfd81cb686baf",
                "sha256:b5725a0bd4ba422ab0e66e89e030c806576753ea3ee08554382c14e685d117b5"
            ],
            "index": "pypi",
            "version": "==1.23"
        },
        "whitenoise": {
            "hashes": [
                "sha256:1e206c5adfb849942ddd057e599ac472ec1a85d56ae78a5ba24f243ea46a89c5",
                "sha256:a6f86b011675b9730f69fd69d4f54c5697d6c7a90ab06f83f784d243d9fccc02"
            ],
            "index": "pypi",
            "version": "==4.0"
        },
        "yarg": {
            "hashes": [
                "sha256:4f9cebdc00fac946c9bf2783d634e538a71c7d280a4d806d45fd4dc0ef441492",
                "sha256:55695bf4d1e3e7f756496c36a69ba32c40d18f821e38f61d028f6049e5e15911"
            ],
            "index": "pypi",
            "version": "==0.1.9"
        }
    },
    "develop": {}
}
